
Microsoft Visual Studio Solution File, Format Version 12.00
# Visual Studio Version 16
VisualStudioVersion = 16.0.29613.14
MinimumVisualStudioVersion = 10.0.40219.1
Project("{9A19103F-16F7-4668-BE54-9A1E7A4F7556}") = "PhungDKH.Catalog.Api", "Services\Catalog\PhungDKH.Catalog.Api\PhungDKH.Catalog.Api.csproj", "{63CC510E-1E2D-434A-97C5-EFA431F249FB}"
EndProject
Project("{E53339B2-1760-4266-BCC7-CA923CBCF16C}") = "docker-compose", "docker-compose.dcproj", "{CCD2F228-E44F-438D-B793-F6CAD3653FD7}"
EndProject
Project("{2150E333-8FDC-42A3-9474-1A3956D46DE8}") = "Services", "Services", "{5ACB5081-9F7B-4296-862F-4E22922993F9}"
EndProject
Project("{2150E333-8FDC-42A3-9474-1A3956D46DE8}") = "Catalog", "Catalog", "{E16583E7-D44E-4773-B37E-D67FD0047119}"
EndProject
Project("{2150E333-8FDC-42A3-9474-1A3956D46DE8}") = "Sharing", "Sharing", "{32A5CB45-9686-4D17-B638-8720D1AFB547}"
EndProject
Project("{9A19103F-16F7-4668-BE54-9A1E7A4F7556}") = "PhungDKH.EvenBus", "Sharing\PhungDKH.EvenBus\PhungDKH.EvenBus.csproj", "{4CB17FAE-72EF-41E4-BFD2-0771399B7B2E}"
EndProject
Project("{9A19103F-16F7-4668-BE54-9A1E7A4F7556}") = "PhungDKH.EventBusRabbitMQ", "Sharing\PhungDKH.EventBusRabbitMQ\PhungDKH.EventBusRabbitMQ.csproj", "{120E5BC0-5889-4476-92EF-8547A51CEE60}"
EndProject
Project("{9A19103F-16F7-4668-BE54-9A1E7A4F7556}") = "PhungDKH.Core", "Sharing\PhungDKH.Core\PhungDKH.Core.csproj", "{9AD3CB6D-E501-417D-A8B8-CB86F45E5C5F}"
EndProject
Project("{2150E333-8FDC-42A3-9474-1A3956D46DE8}") = "Identity", "Identity", "{0B1BCED7-7B4E-49B1-93FF-08DE3BA1B841}"
EndProject
Project("{9A19103F-16F7-4668-BE54-9A1E7A4F7556}") = "PhungDKH.Identity.Api", "Services\Identity\PhungDKH.Identity.Api\PhungDKH.Identity.Api.csproj", "{72D8A22C-C19E-4578-9C7C-BFE725233AB5}"
EndProject
Project("{2150E333-8FDC-42A3-9474-1A3956D46DE8}") = "Ordering", "Ordering", "{B758C398-80B8-4301-B010-2DE3797C6DE7}"
EndProject
Project("{9A19103F-16F7-4668-BE54-9A1E7A4F7556}") = "PhungDKH.Ordering.Api", "Services\Ordering\PhungDKH.Ordering.Api\PhungDKH.Ordering.Api.csproj", "{9D88B309-1D9A-4D19-8C7C-7BBC57A7AD0E}"
EndProject
Project("{2150E333-8FDC-42A3-9474-1A3956D46DE8}") = "ApiGateway", "ApiGateway", "{4AD956DD-95B9-4356-8988-40141757646A}"
EndProject
Project("{FAE04EC0-301F-11D3-BF4B-00C04F79EFBC}") = "PhungDKH.ApiGateway", "ApiGateway\PhungDKH.ApiGateway\PhungDKH.ApiGateway.csproj", "{CF220B90-91F4-4926-AF56-FC5D9A10631F}"
EndProject
Global
	GlobalSection(SolutionConfigurationPlatforms) = preSolution
		Debug|Any CPU = Debug|Any CPU
		Release|Any CPU = Release|Any CPU
	EndGlobalSection
	GlobalSection(ProjectConfigurationPlatforms) = postSolution
		{63CC510E-1E2D-434A-97C5-EFA431F249FB}.Debug|Any CPU.ActiveCfg = Debug|Any CPU
		{63CC510E-1E2D-434A-97C5-EFA431F249FB}.Debug|Any CPU.Build.0 = Debug|Any CPU
		{63CC510E-1E2D-434A-97C5-EFA431F249FB}.Release|Any CPU.ActiveCfg = Release|Any CPU
		{63CC510E-1E2D-434A-97C5-EFA431F249FB}.Release|Any CPU.Build.0 = Release|Any CPU
		{CCD2F228-E44F-438D-B793-F6CAD3653FD7}.Debug|Any CPU.ActiveCfg = Debug|Any CPU
		{CCD2F228-E44F-438D-B793-F6CAD3653FD7}.Debug|Any CPU.Build.0 = Debug|Any CPU
		{CCD2F228-E44F-438D-B793-F6CAD3653FD7}.Release|Any CPU.ActiveCfg = Release|Any CPU
		{CCD2F228-E44F-438D-B793-F6CAD3653FD7}.Release|Any CPU.Build.0 = Release|Any CPU
		{4CB17FAE-72EF-41E4-BFD2-0771399B7B2E}.Debug|Any CPU.ActiveCfg = Debug|Any CPU
		{4CB17FAE-72EF-41E4-BFD2-0771399B7B2E}.Debug|Any CPU.Build.0 = Debug|Any CPU
		{4CB17FAE-72EF-41E4-BFD2-0771399B7B2E}.Release|Any CPU.ActiveCfg = Release|Any CPU
		{4CB17FAE-72EF-41E4-BFD2-0771399B7B2E}.Release|Any CPU.Build.0 = Release|Any CPU
		{120E5BC0-5889-4476-92EF-8547A51CEE60}.Debug|Any CPU.ActiveCfg = Debug|Any CPU
		{120E5BC0-5889-4476-92EF-8547A51CEE60}.Debug|Any CPU.Build.0 = Debug|Any CPU
		{120E5BC0-5889-4476-92EF-8547A51CEE60}.Release|Any CPU.ActiveCfg = Release|Any CPU
		{120E5BC0-5889-4476-92EF-8547A51CEE60}.Release|Any CPU.Build.0 = Release|Any CPU
		{9AD3CB6D-E501-417D-A8B8-CB86F45E5C5F}.Debug|Any CPU.ActiveCfg = Debug|Any CPU
		{9AD3CB6D-E501-417D-A8B8-CB86F45E5C5F}.Debug|Any CPU.Build.0 = Debug|Any CPU
		{9AD3CB6D-E501-417D-A8B8-CB86F45E5C5F}.Release|Any CPU.ActiveCfg = Release|Any CPU
		{9AD3CB6D-E501-417D-A8B8-CB86F45E5C5F}.Release|Any CPU.Build.0 = Release|Any CPU
		{72D8A22C-C19E-4578-9C7C-BFE725233AB5}.Debug|Any CPU.ActiveCfg = Debug|Any CPU
		{72D8A22C-C19E-4578-9C7C-BFE725233AB5}.Debug|Any CPU.Build.0 = Debug|Any CPU
		{72D8A22C-C19E-4578-9C7C-BFE725233AB5}.Release|Any CPU.ActiveCfg = Release|Any CPU
		{72D8A22C-C19E-4578-9C7C-BFE725233AB5}.Release|Any CPU.Build.0 = Release|Any CPU
		{9D88B309-1D9A-4D19-8C7C-7BBC57A7AD0E}.Debug|Any CPU.ActiveCfg = Debug|Any CPU
		{9D88B309-1D9A-4D19-8C7C-7BBC57A7AD0E}.Debug|Any CPU.Build.0 = Debug|Any CPU
		{9D88B309-1D9A-4D19-8C7C-7BBC57A7AD0E}.Release|Any CPU.ActiveCfg = Release|Any CPU
		{9D88B309-1D9A-4D19-8C7C-7BBC57A7AD0E}.Release|Any CPU.Build.0 = Release|Any CPU
		{CF220B90-91F4-4926-AF56-FC5D9A10631F}.Debug|Any CPU.ActiveCfg = Debug|Any CPU
		{CF220B90-91F4-4926-AF56-FC5D9A10631F}.Debug|Any CPU.Build.0 = Debug|Any CPU
		{CF220B90-91F4-4926-AF56-FC5D9A10631F}.Release|Any CPU.ActiveCfg = Release|Any CPU
		{CF220B90-91F4-4926-AF56-FC5D9A10631F}.Release|Any CPU.Build.0 = Release|Any CPU
	EndGlobalSection
	GlobalSection(SolutionProperties) = preSolution
		HideSolutionNode = FALSE
	EndGlobalSection
	GlobalSection(NestedProjects) = preSolution
		{63CC510E-1E2D-434A-97C5-EFA431F249FB} = {E16583E7-D44E-4773-B37E-D67FD0047119}
		{E16583E7-D44E-4773-B37E-D67FD0047119} = {5ACB5081-9F7B-4296-862F-4E22922993F9}
		{4CB17FAE-72EF-41E4-BFD2-0771399B7B2E} = {32A5CB45-9686-4D17-B638-8720D1AFB547}
		{120E5BC0-5889-4476-92EF-8547A51CEE60} = {32A5CB45-9686-4D17-B638-8720D1AFB547}
		{9AD3CB6D-E501-417D-A8B8-CB86F45E5C5F} = {32A5CB45-9686-4D17-B638-8720D1AFB547}
		{0B1BCED7-7B4E-49B1-93FF-08DE3BA1B841} = {5ACB5081-9F7B-4296-862F-4E22922993F9}
		{72D8A22C-C19E-4578-9C7C-BFE725233AB5} = {0B1BCED7-7B4E-49B1-93FF-08DE3BA1B841}
		{B758C398-80B8-4301-B010-2DE3797C6DE7} = {5ACB5081-9F7B-4296-862F-4E22922993F9}
		{9D88B309-1D9A-4D19-8C7C-7BBC57A7AD0E} = {B758C398-80B8-4301-B010-2DE3797C6DE7}
		{CF220B90-91F4-4926-AF56-FC5D9A10631F} = {4AD956DD-95B9-4356-8988-40141757646A}
	EndGlobalSection
	GlobalSection(ExtensibilityGlobals) = postSolution
		SolutionGuid = {B142A7AF-30B5-4985-A458-D90A74DF7504}
	EndGlobalSection
EndGlobal
